# This file is generated by running "yarn install" inside your project.
# Manual changes might be lost - proceed with caution!

__metadata:
  version: 8
  cacheKey: 10c0

"@types/node@npm:^22.9.0":
  version: 22.9.0
  resolution: "@types/node@npm:22.9.0"
  dependencies:
    undici-types: "npm:~6.19.8"
  checksum: 10c0/3f46cbe0a49bab4ba30494025e4c8a6e699b98ac922857aa1f0209ce11a1313ee46e6808b8f13fe5b8b960a9d7796b77c8d542ad4e9810e85ef897d5593b5d51
  languageName: node
  linkType: hard

"agenda-consulta-api@workspace:.":
  version: 0.0.0-use.local
  resolution: "agenda-consulta-api@workspace:."
  dependencies:
    "@types/node": "npm:^22.9.0"
    typescript: "npm:^5.6.3"
  languageName: unknown
  linkType: soft

"typescript@npm:^5.6.3":
  version: 5.6.3
  resolution: "typescript@npm:5.6.3"
  bin:
    tsc: bin/tsc
    tsserver: bin/tsserver
  checksum: 10c0/44f61d3fb15c35359bc60399cb8127c30bae554cd555b8e2b46d68fa79d680354b83320ad419ff1b81a0bdf324197b29affe6cc28988cd6a74d4ac60c94f9799
  languageName: node
  linkType: hard

"typescript@patch:typescript@npm%3A^5.6.3#optional!builtin<compat/typescript>":
  version: 5.6.3
  resolution: "typescript@patch:typescript@npm%3A5.6.3#optional!builtin<compat/typescript>::version=5.6.3&hash=379a07"
  bin:
    tsc: bin/tsc
    tsserver: bin/tsserver
  checksum: 10c0/ac8307bb06bbfd08ae7137da740769b7d8c3ee5943188743bb622c621f8ad61d244767480f90fbd840277fbf152d8932aa20c33f867dea1bb5e79b187ca1a92f
  languageName: node
  linkType: hard

"undici-types@npm:~6.19.8":
  version: 6.19.8
  resolution: "undici-types@npm:6.19.8"
  checksum: 10c0/078afa5990fba110f6824823ace86073b4638f1d5112ee26e790155f481f2a868cc3e0615505b6f4282bdf74a3d8caad715fd809e870c2bb0704e3ea6082f344
  languageName: node
  linkType: hard
